// !$*UTF8*$!
{
	archiveVersion = 1;
	classes = {
	};
	objectVersion = 56;
	objects = {

/* Begin PBXBuildFile section */
		7F2444B229A6A5A700FCF5B6 /* Fetch_ChallangeApp.swift in Sources */ = {isa = PBXBuildFile; fileRef = 7F2444B129A6A5A700FCF5B6 /* Fetch_ChallangeApp.swift */; };
		7F2444B429A6A5A700FCF5B6 /* ContentView.swift in Sources */ = {isa = PBXBuildFile; fileRef = 7F2444B329A6A5A700FCF5B6 /* ContentView.swift */; };
		7F2444B629A6A5A800FCF5B6 /* Assets.xcassets in Resources */ = {isa = PBXBuildFile; fileRef = 7F2444B529A6A5A800FCF5B6 /* Assets.xcassets */; };
		7F2444B929A6A5A800FCF5B6 /* Preview Assets.xcassets in Resources */ = {isa = PBXBuildFile; fileRef = 7F2444B829A6A5A800FCF5B6 /* Preview Assets.xcassets */; };
		7F2444C429A6A7DB00FCF5B6 /* Desserts.xcdatamodeld in Sources */ = {isa = PBXBuildFile; fileRef = 7F2444C229A6A7DB00FCF5B6 /* Desserts.xcdatamodeld */; };
		7F2444C629A6A7F800FCF5B6 /* Dessert.swift in Sources */ = {isa = PBXBuildFile; fileRef = 7F2444C529A6A7F800FCF5B6 /* Dessert.swift */; };
		7F2444C829A6AB1500FCF5B6 /* DessertProvider.swift in Sources */ = {isa = PBXBuildFile; fileRef = 7F2444C729A6AB1500FCF5B6 /* DessertProvider.swift */; };
		7F2444CA29A6B3AA00FCF5B6 /* DessertError.swift in Sources */ = {isa = PBXBuildFile; fileRef = 7F2444C929A6B3AA00FCF5B6 /* DessertError.swift */; };
		7F2444CC29A6B6FC00FCF5B6 /* DessertRow.swift in Sources */ = {isa = PBXBuildFile; fileRef = 7F2444CB29A6B6FC00FCF5B6 /* DessertRow.swift */; };
		7F2444CE29A6B70600FCF5B6 /* DessertDetail.swift in Sources */ = {isa = PBXBuildFile; fileRef = 7F2444CD29A6B70600FCF5B6 /* DessertDetail.swift */; };
		7F2444D029A6B71500FCF5B6 /* DessertList.swift in Sources */ = {isa = PBXBuildFile; fileRef = 7F2444CF29A6B71500FCF5B6 /* DessertList.swift */; };
		7F2444D329A7EBC900FCF5B6 /* ThumbnailView.swift in Sources */ = {isa = PBXBuildFile; fileRef = 7F2444D229A7EBC900FCF5B6 /* ThumbnailView.swift */; };
		7F2444D529A810D300FCF5B6 /* ImageLoader.swift in Sources */ = {isa = PBXBuildFile; fileRef = 7F2444D429A810D300FCF5B6 /* ImageLoader.swift */; };
/* End PBXBuildFile section */

/* Begin PBXFileReference section */
		7F2444AE29A6A5A700FCF5B6 /* Fetch Challange.app */ = {isa = PBXFileReference; explicitFileType = wrapper.application; includeInIndex = 0; path = "Fetch Challange.app"; sourceTree = BUILT_PRODUCTS_DIR; };
		7F2444B129A6A5A700FCF5B6 /* Fetch_ChallangeApp.swift */ = {isa = PBXFileReference; lastKnownFileType = sourcecode.swift; path = Fetch_ChallangeApp.swift; sourceTree = "<group>"; };
		7F2444B329A6A5A700FCF5B6 /* ContentView.swift */ = {isa = PBXFileReference; lastKnownFileType = sourcecode.swift; path = ContentView.swift; sourceTree = "<group>"; };
		7F2444B529A6A5A800FCF5B6 /* Assets.xcassets */ = {isa = PBXFileReference; lastKnownFileType = folder.assetcatalog; path = Assets.xcassets; sourceTree = "<group>"; };
		7F2444B829A6A5A800FCF5B6 /* Preview Assets.xcassets */ = {isa = PBXFileReference; lastKnownFileType = folder.assetcatalog; path = "Preview Assets.xcassets"; sourceTree = "<group>"; };
		7F2444C329A6A7DB00FCF5B6 /* Desserts.xcdatamodel */ = {isa = PBXFileReference; lastKnownFileType = wrapper.xcdatamodel; path = Desserts.xcdatamodel; sourceTree = "<group>"; };
		7F2444C529A6A7F800FCF5B6 /* Dessert.swift */ = {isa = PBXFileReference; lastKnownFileType = sourcecode.swift; path = Dessert.swift; sourceTree = "<group>"; };
		7F2444C729A6AB1500FCF5B6 /* DessertProvider.swift */ = {isa = PBXFileReference; lastKnownFileType = sourcecode.swift; path = DessertProvider.swift; sourceTree = "<group>"; };
		7F2444C929A6B3AA00FCF5B6 /* DessertError.swift */ = {isa = PBXFileReference; lastKnownFileType = sourcecode.swift; path = DessertError.swift; sourceTree = "<group>"; };
		7F2444CB29A6B6FC00FCF5B6 /* DessertRow.swift */ = {isa = PBXFileReference; lastKnownFileType = sourcecode.swift; path = DessertRow.swift; sourceTree = "<group>"; };
		7F2444CD29A6B70600FCF5B6 /* DessertDetail.swift */ = {isa = PBXFileReference; lastKnownFileType = sourcecode.swift; path = DessertDetail.swift; sourceTree = "<group>"; };
		7F2444CF29A6B71500FCF5B6 /* DessertList.swift */ = {isa = PBXFileReference; lastKnownFileType = sourcecode.swift; path = DessertList.swift; sourceTree = "<group>"; };
		7F2444D229A7EBC900FCF5B6 /* ThumbnailView.swift */ = {isa = PBXFileReference; lastKnownFileType = sourcecode.swift; path = ThumbnailView.swift; sourceTree = "<group>"; };
		7F2444D429A810D300FCF5B6 /* ImageLoader.swift */ = {isa = PBXFileReference; lastKnownFileType = sourcecode.swift; path = ImageLoader.swift; sourceTree = "<group>"; };
/* End PBXFileReference section */

/* Begin PBXFrameworksBuildPhase section */
		7F2444AB29A6A5A700FCF5B6 /* Frameworks */ = {
			isa = PBXFrameworksBuildPhase;
			buildActionMask = 2147483647;
			files = (
			);
			runOnlyForDeploymentPostprocessing = 0;
		};
/* End PBXFrameworksBuildPhase section */

/* Begin PBXGroup section */
		7F2444A529A6A5A700FCF5B6 = {
			isa = PBXGroup;
			children = (
				7F2444B029A6A5A700FCF5B6 /* Fetch Challange */,
				7F2444AF29A6A5A700FCF5B6 /* Products */,
			);
			sourceTree = "<group>";
		};
		7F2444AF29A6A5A700FCF5B6 /* Products */ = {
			isa = PBXGroup;
			children = (
				7F2444AE29A6A5A700FCF5B6 /* Fetch Challange.app */,
			);
			name = Products;
			sourceTree = "<group>";
		};
		7F2444B029A6A5A700FCF5B6 /* Fetch Challange */ = {
			isa = PBXGroup;
			children = (
				7F2444B129A6A5A700FCF5B6 /* Fetch_ChallangeApp.swift */,
				7F2444B329A6A5A700FCF5B6 /* ContentView.swift */,
				7F2444BF29A6A78700FCF5B6 /* Models */,
				7F2444C029A6A79700FCF5B6 /* Views */,
				7F2444C129A6A79F00FCF5B6 /* Resources */,
				7F2444B729A6A5A800FCF5B6 /* Preview Content */,
			);
			path = "Fetch Challange";
			sourceTree = "<group>";
		};
		7F2444B729A6A5A800FCF5B6 /* Preview Content */ = {
			isa = PBXGroup;
			children = (
				7F2444B829A6A5A800FCF5B6 /* Preview Assets.xcassets */,
			);
			path = "Preview Content";
			sourceTree = "<group>";
		};
		7F2444BF29A6A78700FCF5B6 /* Models */ = {
			isa = PBXGroup;
			children = (
				7F2444C729A6AB1500FCF5B6 /* DessertProvider.swift */,
				7F2444C529A6A7F800FCF5B6 /* Dessert.swift */,
				7F2444C929A6B3AA00FCF5B6 /* DessertError.swift */,
			);
			path = Models;
			sourceTree = "<group>";
		};
		7F2444C029A6A79700FCF5B6 /* Views */ = {
			isa = PBXGroup;
			children = (
				7F2444D129A7EB9D00FCF5B6 /* Thumbnail */,
				7F2444CF29A6B71500FCF5B6 /* DessertList.swift */,
				7F2444CB29A6B6FC00FCF5B6 /* DessertRow.swift */,
				7F2444CD29A6B70600FCF5B6 /* DessertDetail.swift */,
			);
			path = Views;
			sourceTree = "<group>";
		};
		7F2444C129A6A79F00FCF5B6 /* Resources */ = {
			isa = PBXGroup;
			children = (
				7F2444B529A6A5A800FCF5B6 /* Assets.xcassets */,
				7F2444C229A6A7DB00FCF5B6 /* Desserts.xcdatamodeld */,
			);
			path = Resources;
			sourceTree = "<group>";
		};
		7F2444D129A7EB9D00FCF5B6 /* Thumbnail */ = {
			isa = PBXGroup;
			children = (
				7F2444D229A7EBC900FCF5B6 /* ThumbnailView.swift */,
				7F2444D429A810D300FCF5B6 /* ImageLoader.swift */,
			);
			path = Thumbnail;
			sourceTree = "<group>";
		};
/* End PBXGroup section */

/* Begin PBXNativeTarget section */
		7F2444AD29A6A5A700FCF5B6 /* Fetch Challange */ = {
			isa = PBXNativeTarget;
			buildConfigurationList = 7F2444BC29A6A5A800FCF5B6 /* Build configuration list for PBXNativeTarget "Fetch Challange" */;
			buildPhases = (
				7F2444AA29A6A5A700FCF5B6 /* Sources */,
				7F2444AB29A6A5A700FCF5B6 /* Frameworks */,
				7F2444AC29A6A5A700FCF5B6 /* Resources */,
			);
			buildRules = (
			);
			dependencies = (
			);
			name = "Fetch Challange";
			productName = "Fetch Challange";
			productReference = 7F2444AE29A6A5A700FCF5B6 /* Fetch Challange.app */;
			productType = "com.apple.product-type.application";
		};
/* End PBXNativeTarget section */

/* Begin PBXProject section */
		7F2444A629A6A5A700FCF5B6 /* Project object */ = {
			isa = PBXProject;
			attributes = {
				BuildIndependentTargetsInParallel = 1;
				LastSwiftUpdateCheck = 1420;
				LastUpgradeCheck = 1420;
				TargetAttributes = {
					7F2444AD29A6A5A700FCF5B6 = {
						CreatedOnToolsVersion = 14.2;
					};
				};
			};
			buildConfigurationList = 7F2444A929A6A5A700FCF5B6 /* Build configuration list for PBXProject "Fetch Challange" */;
			compatibilityVersion = "Xcode 14.0";
			developmentRegion = en;
			hasScannedForEncodings = 0;
			knownRegions = (
				en,
				Base,
			);
			mainGroup = 7F2444A529A6A5A700FCF5B6;
			productRefGroup = 7F2444AF29A6A5A700FCF5B6 /* Products */;
			projectDirPath = "";
			projectRoot = "";
			targets = (
				7F2444AD29A6A5A700FCF5B6 /* Fetch Challange */,
			);
		};
/* End PBXProject section */

/* Begin PBXResourcesBuildPhase section */
		7F2444AC29A6A5A700FCF5B6 /* Resources */ = {
			isa = PBXResourcesBuildPhase;
			buildActionMask = 2147483647;
			files = (
				7F2444B929A6A5A800FCF5B6 /* Preview Assets.xcassets in Resources */,
				7F2444B629A6A5A800FCF5B6 /* Assets.xcassets in Resources */,
			);
			runOnlyForDeploymentPostprocessing = 0;
		};
/* End PBXResourcesBuildPhase section */

/* Begin PBXSourcesBuildPhase section */
		7F2444AA29A6A5A700FCF5B6 /* Sources */ = {
			isa = PBXSourcesBuildPhase;
			buildActionMask = 2147483647;
			files = (
				7F2444D529A810D300FCF5B6 /* ImageLoader.swift in Sources */,
				7F2444B429A6A5A700FCF5B6 /* ContentView.swift in Sources */,
				7F2444D029A6B71500FCF5B6 /* DessertList.swift in Sources */,
				7F2444CA29A6B3AA00FCF5B6 /* DessertError.swift in Sources */,
				7F2444B229A6A5A700FCF5B6 /* Fetch_ChallangeApp.swift in Sources */,
				7F2444CE29A6B70600FCF5B6 /* DessertDetail.swift in Sources */,
				7F2444CC29A6B6FC00FCF5B6 /* DessertRow.swift in Sources */,
				7F2444D329A7EBC900FCF5B6 /* ThumbnailView.swift in Sources */,
				7F2444C829A6AB1500FCF5B6 /* DessertProvider.swift in Sources */,
				7F2444C629A6A7F800FCF5B6 /* Dessert.swift in Sources */,
				7F2444C429A6A7DB00FCF5B6 /* Desserts.xcdatamodeld in Sources */,
			);
			runOnlyForDeploymentPostprocessing = 0;
		};
/* End PBXSourcesBuildPhase section */

/* Begin XCBuildConfiguration section */
		7F2444BA29A6A5A800FCF5B6 /* Debug */ = {
			isa = XCBuildConfiguration;
			buildSettings = {
				ALWAYS_SEARCH_USER_PATHS = NO;
				CLANG_ANALYZER_NONNULL = YES;
				CLANG_ANALYZER_NUMBER_OBJECT_CONVERSION = YES_AGGRESSIVE;
				CLANG_CXX_LANGUAGE_STANDARD = "gnu++20";
				CLANG_ENABLE_MODULES = YES;
				CLANG_ENABLE_OBJC_ARC = YES;
				CLANG_ENABLE_OBJC_WEAK = YES;
				CLANG_WARN_BLOCK_CAPTURE_AUTORELEASING = YES;
				CLANG_WARN_BOOL_CONVERSION = YES;
				CLANG_WARN_COMMA = YES;
				CLANG_WARN_CONSTANT_CONVERSION = YES;
				CLANG_WARN_DEPRECATED_OBJC_IMPLEMENTATIONS = YES;
				CLANG_WARN_DIRECT_OBJC_ISA_USAGE = YES_ERROR;
				CLANG_WARN_DOCUMENTATION_COMMENTS = YES;
				CLANG_WARN_EMPTY_BODY = YES;
				CLANG_WARN_ENUM_CONVERSION = YES;
				CLANG_WARN_INFINITE_RECURSION = YES;
				CLANG_WARN_INT_CONVERSION = YES;
				CLANG_WARN_NON_LITERAL_NULL_CONVERSION = YES;
				CLANG_WARN_OBJC_IMPLICIT_RETAIN_SELF = YES;
				CLANG_WARN_OBJC_LITERAL_CONVERSION = YES;
				CLANG_WARN_OBJC_ROOT_CLASS = YES_ERROR;
				CLANG_WARN_QUOTED_INCLUDE_IN_FRAMEWORK_HEADER = YES;
				CLANG_WARN_RANGE_LOOP_ANALYSIS = YES;
				CLANG_WARN_STRICT_PROTOTYPES = YES;
				CLANG_WARN_SUSPICIOUS_MOVE = YES;
				CLANG_WARN_UNGUARDED_AVAILABILITY = YES_AGGRESSIVE;
				CLANG_WARN_UNREACHABLE_CODE = YES;
				CLANG_WARN__DUPLICATE_METHOD_MATCH = YES;
				COPY_PHASE_STRIP = NO;
				DEBUG_INFORMATION_FORMAT = dwarf;
				ENABLE_STRICT_OBJC_MSGSEND = YES;
				ENABLE_TESTABILITY = YES;
				GCC_C_LANGUAGE_STANDARD = gnu11;
				GCC_DYNAMIC_NO_PIC = NO;
				GCC_NO_COMMON_BLOCKS = YES;
				GCC_OPTIMIZATION_LEVEL = 0;
				GCC_PREPROCESSOR_DEFINITIONS = (
					"DEBUG=1",
					"$(inherited)",
				);
				GCC_WARN_64_TO_32_BIT_CONVERSION = YES;
				GCC_WARN_ABOUT_RETURN_TYPE = YES_ERROR;
				GCC_WARN_UNDECLARED_SELECTOR = YES;
				GCC_WARN_UNINITIALIZED_AUTOS = YES_AGGRESSIVE;
				GCC_WARN_UNUSED_FUNCTION = YES;
				GCC_WARN_UNUSED_VARIABLE = YES;
				IPHONEOS_DEPLOYMENT_TARGET = 16.2;
				MTL_ENABLE_DEBUG_INFO = INCLUDE_SOURCE;
				MTL_FAST_MATH = YES;
				ONLY_ACTIVE_ARCH = YES;
				SDKROOT = iphoneos;
				SWIFT_ACTIVE_COMPILATION_CONDITIONS = DEBUG;
				SWIFT_OPTIMIZATION_LEVEL = "-Onone";
			};
			name = Debug;
		};
		7F2444BB29A6A5A800FCF5B6 /* Release */ = {
			isa = XCBuildConfiguration;
			buildSettings = {
				ALWAYS_SEARCH_USER_PATHS = NO;
				CLANG_ANALYZER_NONNULL = YES;
				CLANG_ANALYZER_NUMBER_OBJECT_CONVERSION = YES_AGGRESSIVE;
				CLANG_CXX_LANGUAGE_STANDARD = "gnu++20";
				CLANG_ENABLE_MODULES = YES;
				CLANG_ENABLE_OBJC_ARC = YES;
				CLANG_ENABLE_OBJC_WEAK = YES;
				CLANG_WARN_BLOCK_CAPTURE_AUTORELEASING = YES;
				CLANG_WARN_BOOL_CONVERSION = YES;
				CLANG_WARN_COMMA = YES;
				CLANG_WARN_CONSTANT_CONVERSION = YES;
				CLANG_WARN_DEPRECATED_OBJC_IMPLEMENTATIONS = YES;
				CLANG_WARN_DIRECT_OBJC_ISA_USAGE = YES_ERROR;
				CLANG_WARN_DOCUMENTATION_COMMENTS = YES;
				CLANG_WARN_EMPTY_BODY = YES;
				CLANG_WARN_ENUM_CONVERSION = YES;
				CLANG_WARN_INFINITE_RECURSION = YES;
				CLANG_WARN_INT_CONVERSION = YES;
				CLANG_WARN_NON_LITERAL_NULL_CONVERSION = YES;
				CLANG_WARN_OBJC_IMPLICIT_RETAIN_SELF = YES;
				CLANG_WARN_OBJC_LITERAL_CONVERSION = YES;
				CLANG_WARN_OBJC_ROOT_CLASS = YES_ERROR;
				CLANG_WARN_QUOTED_INCLUDE_IN_FRAMEWORK_HEADER = YES;
				CLANG_WARN_RANGE_LOOP_ANALYSIS = YES;
				CLANG_WARN_STRICT_PROTOTYPES = YES;
				CLANG_WARN_SUSPICIOUS_MOVE = YES;
				CLANG_WARN_UNGUARDED_AVAILABILITY = YES_AGGRESSIVE;
				CLANG_WARN_UNREACHABLE_CODE = YES;
				CLANG_WARN__DUPLICATE_METHOD_MATCH = YES;
				COPY_PHASE_STRIP = NO;
				DEBUG_INFORMATION_FORMAT = "dwarf-with-dsym";
				ENABLE_NS_ASSERTIONS = NO;
				ENABLE_STRICT_OBJC_MSGSEND = YES;
				GCC_C_LANGUAGE_STANDARD = gnu11;
				GCC_NO_COMMON_BLOCKS = YES;
				GCC_WARN_64_TO_32_BIT_CONVERSION = YES;
				GCC_WARN_ABOUT_RETURN_TYPE = YES_ERROR;
				GCC_WARN_UNDECLARED_SELECTOR = YES;
				GCC_WARN_UNINITIALIZED_AUTOS = YES_AGGRESSIVE;
				GCC_WARN_UNUSED_FUNCTION = YES;
				GCC_WARN_UNUSED_VARIABLE = YES;
				IPHONEOS_DEPLOYMENT_TARGET = 16.2;
				MTL_ENABLE_DEBUG_INFO = NO;
				MTL_FAST_MATH = YES;
				SDKROOT = iphoneos;
				SWIFT_COMPILATION_MODE = wholemodule;
				SWIFT_OPTIMIZATION_LEVEL = "-O";
				VALIDATE_PRODUCT = YES;
			};
			name = Release;
		};
		7F2444BD29A6A5A800FCF5B6 /* Debug */ = {
			isa = XCBuildConfiguration;
			buildSettings = {
				ASSETCATALOG_COMPILER_APPICON_NAME = AppIcon;
				ASSETCATALOG_COMPILER_GLOBAL_ACCENT_COLOR_NAME = AccentColor;
				CODE_SIGN_STYLE = Automatic;
				CURRENT_PROJECT_VERSION = 1;
				DEVELOPMENT_ASSET_PATHS = "\"Fetch Challange/Preview Content\"";
				DEVELOPMENT_TEAM = P2KVYQH3C3;
				ENABLE_PREVIEWS = YES;
				GENERATE_INFOPLIST_FILE = YES;
				INFOPLIST_KEY_UIApplicationSceneManifest_Generation = YES;
				INFOPLIST_KEY_UIApplicationSupportsIndirectInputEvents = YES;
				INFOPLIST_KEY_UILaunchScreen_Generation = YES;
				INFOPLIST_KEY_UISupportedInterfaceOrientations_iPad = "UIInterfaceOrientationPortrait UIInterfaceOrientationPortraitUpsideDown UIInterfaceOrientationLandscapeLeft UIInterfaceOrientationLandscapeRight";
				INFOPLIST_KEY_UISupportedInterfaceOrientations_iPhone = "UIInterfaceOrientationPortrait UIInterfaceOrientationLandscapeLeft UIInterfaceOrientationLandscapeRight";
				LD_RUNPATH_SEARCH_PATHS = (
					"$(inherited)",
					"@executable_path/Frameworks",
				);
				MARKETING_VERSION = 1.0;
				PRODUCT_BUNDLE_IDENTIFIER = "com.example.Fetch-Challange";
				PRODUCT_NAME = "$(TARGET_NAME)";
				SWIFT_EMIT_LOC_STRINGS = YES;
				SWIFT_VERSION = 5.0;
				TARGETED_DEVICE_FAMILY = "1,2";
			};
			name = Debug;
		};
		7F2444BE29A6A5A800FCF5B6 /* Release */ = {
			isa = XCBuildConfiguration;
			buildSettings = {
				ASSETCATALOG_COMPILER_APPICON_NAME = AppIcon;
				ASSETCATALOG_COMPILER_GLOBAL_ACCENT_COLOR_NAME = AccentColor;
				CODE_SIGN_STYLE = Automatic;
				CURRENT_PROJECT_VERSION = 1;
				DEVELOPMENT_ASSET_PATHS = "\"Fetch Challange/Preview Content\"";
				DEVELOPMENT_TEAM = P2KVYQH3C3;
				ENABLE_PREVIEWS = YES;
				GENERATE_INFOPLIST_FILE = YES;
				INFOPLIST_KEY_UIApplicationSceneManifest_Generation = YES;
				INFOPLIST_KEY_UIApplicationSupportsIndirectInputEvents = YES;
				INFOPLIST_KEY_UILaunchScreen_Generation = YES;
				INFOPLIST_KEY_UISupportedInterfaceOrientations_iPad = "UIInterfaceOrientationPortrait UIInterfaceOrientationPortraitUpsideDown UIInterfaceOrientationLandscapeLeft UIInterfaceOrientationLandscapeRight";
				INFOPLIST_KEY_UISupportedInterfaceOrientations_iPhone = "UIInterfaceOrientationPortrait UIInterfaceOrientationLandscapeLeft UIInterfaceOrientationLandscapeRight";
				LD_RUNPATH_SEARCH_PATHS = (
					"$(inherited)",
					"@executable_path/Frameworks",
				);
				MARKETING_VERSION = 1.0;
				PRODUCT_BUNDLE_IDENTIFIER = "com.example.Fetch-Challange";
				PRODUCT_NAME = "$(TARGET_NAME)";
				SWIFT_EMIT_LOC_STRINGS = YES;
				SWIFT_VERSION = 5.0;
				TARGETED_DEVICE_FAMILY = "1,2";
			};
			name = Release;
		};
/* End XCBuildConfiguration section */

/* Begin XCConfigurationList section */
		7F2444A929A6A5A700FCF5B6 /* Build configuration list for PBXProject "Fetch Challange" */ = {
			isa = XCConfigurationList;
			buildConfigurations = (
				7F2444BA29A6A5A800FCF5B6 /* Debug */,
				7F2444BB29A6A5A800FCF5B6 /* Release */,
			);
			defaultConfigurationIsVisible = 0;
			defaultConfigurationName = Release;
		};
		7F2444BC29A6A5A800FCF5B6 /* Build configuration list for PBXNativeTarget "Fetch Challange" */ = {
			isa = XCConfigurationList;
			buildConfigurations = (
				7F2444BD29A6A5A800FCF5B6 /* Debug */,
				7F2444BE29A6A5A800FCF5B6 /* Release */,
			);
			defaultConfigurationIsVisible = 0;
			defaultConfigurationName = Release;
		};
/* End XCConfigurationList section */

/* Begin XCVersionGroup section */
		7F2444C229A6A7DB00FCF5B6 /* Desserts.xcdatamodeld */ = {
			isa = XCVersionGroup;
			children = (
				7F2444C329A6A7DB00FCF5B6 /* Desserts.xcdatamodel */,
			);
			currentVersion = 7F2444C329A6A7DB00FCF5B6 /* Desserts.xcdatamodel */;
			path = Desserts.xcdatamodeld;
			sourceTree = "<group>";
			versionGroupType = wrapper.xcdatamodel;
		};
/* End XCVersionGroup section */
	};
	rootObject = 7F2444A629A6A5A700FCF5B6 /* Project object */;
}
